
Microsoft Visual Studio Solution File, Format Version 12.00
# Visual Studio Version 17
VisualStudioVersion = 17.7.34031.279
MinimumVisualStudioVersion = 10.0.40219.1
Project("{FAE04EC0-301F-11D3-BF4B-00C04F79EFBC}") = "system-z", "system-z\system-z.csproj", "{C1BED6F2-73EF-4B45-93FC-829A0D15469F}"
EndProject
Global
	GlobalSection(SolutionConfigurationPlatforms) = preSolution
		Debug|Any CPU = Debug|Any CPU
		Release|Any CPU = Release|Any CPU
	EndGlobalSection
	GlobalSection(ProjectConfigurationPlatforms) = postSolution
		{C1BED6F2-73EF-4B45-93FC-829A0D15469F}.Debug|Any CPU.ActiveCfg = Debug|Any CPU
		{C1BED6F2-73EF-4B45-93FC-829A0D15469F}.Debug|Any CPU.Build.0 = Debug|Any CPU
		{C1BED6F2-73EF-4B45-93FC-829A0D15469F}.Release|Any CPU.ActiveCfg = Release|Any CPU
		{C1BED6F2-73EF-4B45-93FC-829A0D15469F}.Release|Any CPU.Build.0 = Release|Any CPU
	EndGlobalSection
	GlobalSection(SolutionProperties) = preSolution
		HideSolutionNode = FALSE
	EndGlobalSection
	GlobalSection(ExtensibilityGlobals) = postSolution
		SolutionGuid = {BB845459-071E-4CD7-8A62-137A8F73BACF}
	EndGlobalSection
EndGlobal
